
Microsoft Visual Studio Solution File, Format Version 12.00
# Visual Studio Version 16
VisualStudioVersion = 16.0.30002.166
MinimumVisualStudioVersion = 10.0.40219.1
Project("{FAE04EC0-301F-11D3-BF4B-00C04F79EFBC}") = "Enigma", "Enigma\Enigma.csproj", "{75104658-9ADA-46EF-9FF0-4E653C3132B1}"
EndProject
Project("{FAE04EC0-301F-11D3-BF4B-00C04F79EFBC}") = "EnigmaTests", "EnigmaTests\EnigmaTests.csproj", "{A7789E48-F81C-47C3-863D-0A1CCE82181B}"
EndProject
Global
	GlobalSection(SolutionConfigurationPlatforms) = preSolution
		Debug|Any CPU = Debug|Any CPU
		Release|Any CPU = Release|Any CPU
	EndGlobalSection
	GlobalSection(ProjectConfigurationPlatforms) = postSolution
		{75104658-9ADA-46EF-9FF0-4E653C3132B1}.Debug|Any CPU.ActiveCfg = Debug|Any CPU
		{75104658-9ADA-46EF-9FF0-4E653C3132B1}.Debug|Any CPU.Build.0 = Debug|Any CPU
		{75104658-9ADA-46EF-9FF0-4E653C3132B1}.Release|Any CPU.ActiveCfg = Release|Any CPU
		{75104658-9ADA-46EF-9FF0-4E653C3132B1}.Release|Any CPU.Build.0 = Release|Any CPU
		{A7789E48-F81C-47C3-863D-0A1CCE82181B}.Debug|Any CPU.ActiveCfg = Debug|Any CPU
		{A7789E48-F81C-47C3-863D-0A1CCE82181B}.Debug|Any CPU.Build.0 = Debug|Any CPU
		{A7789E48-F81C-47C3-863D-0A1CCE82181B}.Release|Any CPU.ActiveCfg = Release|Any CPU
		{A7789E48-F81C-47C3-863D-0A1CCE82181B}.Release|Any CPU.Build.0 = Release|Any CPU
	EndGlobalSection
	GlobalSection(SolutionProperties) = preSolution
		HideSolutionNode = FALSE
	EndGlobalSection
	GlobalSection(ExtensibilityGlobals) = postSolution
		SolutionGuid = {84476344-A962-4BF1-98EC-7F187AB98767}
	EndGlobalSection
EndGlobal
